// !$*UTF8*$!
{
	archiveVersion = 1;
	classes = {
	};
	objectVersion = 56;
	objects = {

/* Begin PBXBuildFile section */
		8A1B2C3D4E5F0001 /* PianoLedgerApp.swift in Sources */ = {isa = PBXBuildFile; fileRef = 8A1B2C3D4E5F0011 /* PianoLedgerApp.swift */; };
		8A1B2C3D4E5F0002 /* LoginView.swift in Sources */ = {isa = PBXBuildFile; fileRef = 8A1B2C3D4E5F0012 /* LoginView.swift */; };
		8A1B2C3D4E5F0003 /* PianoListView.swift in Sources */ = {isa = PBXBuildFile; fileRef = 8A1B2C3D4E5F0013 /* PianoListView.swift */; };
		8A1B2C3D4E5F0004 /* PianoDetailView.swift in Sources */ = {isa = PBXBuildFile; fileRef = 8A1B2C3D4E5F0014 /* PianoDetailView.swift */; };
		8A1B2C3D4E5F0005 /* AddPianoView.swift in Sources */ = {isa = PBXBuildFile; fileRef = 8A1B2C3D4E5F0015 /* AddPianoView.swift */; };
		8A1B2C3D4E5F0006 /* CameraView.swift in Sources */ = {isa = PBXBuildFile; fileRef = 8A1B2C3D4E5F0016 /* CameraView.swift */; };
		8A1B2C3D4E5F0007 /* PianoRecord.swift in Sources */ = {isa = PBXBuildFile; fileRef = 8A1B2C3D4E5F0017 /* PianoRecord.swift */; };
		8A1B2C3D4E5F0008 /* PianoOCRService.swift in Sources */ = {isa = PBXBuildFile; fileRef = 8A1B2C3D4E5F0018 /* PianoOCRService.swift */; };
		8A1B2C3D4E5F0009 /* FirebaseManager.swift in Sources */ = {isa = PBXBuildFile; fileRef = 8A1B2C3D4E5F0019 /* FirebaseManager.swift */; };
		8A1B2C3D4E5F000A /* ExcelExportService.swift in Sources */ = {isa = PBXBuildFile; fileRef = 8A1B2C3D4E5F001A /* ExcelExportService.swift */; };
		8A1B2C3D4E5F000B /* PhotoCompressionService.swift in Sources */ = {isa = PBXBuildFile; fileRef = 8A1B2C3D4E5F001B /* PhotoCompressionService.swift */; };
		8A1B2C3D4E5F000C /* GoogleService-Info.plist in Resources */ = {isa = PBXBuildFile; fileRef = 8A1B2C3D4E5F001C /* GoogleService-Info.plist */; };
/* End PBXBuildFile section */

/* Begin PBXFileReference section */
		8A1B2C3D4E5F0011 /* PianoLedgerApp.swift */ = {isa = PBXFileReference; lastKnownFileType = sourcecode.swift; path = PianoLedgerApp.swift; sourceTree = "<group>"; };
		8A1B2C3D4E5F0012 /* LoginView.swift */ = {isa = PBXFileReference; lastKnownFileType = sourcecode.swift; path = LoginView.swift; sourceTree = "<group>"; };
		8A1B2C3D4E5F0013 /* PianoListView.swift */ = {isa = PBXFileReference; lastKnownFileType = sourcecode.swift; path = PianoListView.swift; sourceTree = "<group>"; };
		8A1B2C3D4E5F0014 /* PianoDetailView.swift */ = {isa = PBXFileReference; lastKnownFileType = sourcecode.swift; path = PianoDetailView.swift; sourceTree = "<group>"; };
		8A1B2C3D4E5F0015 /* AddPianoView.swift */ = {isa = PBXFileReference; lastKnownFileType = sourcecode.swift; path = AddPianoView.swift; sourceTree = "<group>"; };
		8A1B2C3D4E5F0016 /* CameraView.swift */ = {isa = PBXFileReference; lastKnownFileType = sourcecode.swift; path = CameraView.swift; sourceTree = "<group>"; };
		8A1B2C3D4E5F0017 /* PianoRecord.swift */ = {isa = PBXFileReference; lastKnownFileType = sourcecode.swift; path = PianoRecord.swift; sourceTree = "<group>"; };
		8A1B2C3D4E5F0018 /* PianoOCRService.swift */ = {isa = PBXFileReference; lastKnownFileType = sourcecode.swift; path = PianoOCRService.swift; sourceTree = "<group>"; };
		8A1B2C3D4E5F0019 /* FirebaseManager.swift */ = {isa = PBXFileReference; lastKnownFileType = sourcecode.swift; path = FirebaseManager.swift; sourceTree = "<group>"; };
		8A1B2C3D4E5F001A /* ExcelExportService.swift */ = {isa = PBXFileReference; lastKnownFileType = sourcecode.swift; path = ExcelExportService.swift; sourceTree = "<group>"; };
		8A1B2C3D4E5F001B /* PhotoCompressionService.swift */ = {isa = PBXFileReference; lastKnownFileType = sourcecode.swift; path = PhotoCompressionService.swift; sourceTree = "<group>"; };
		8A1B2C3D4E5F001C /* GoogleService-Info.plist */ = {isa = PBXFileReference; lastKnownFileType = text.plist.xml; path = "GoogleService-Info.plist"; sourceTree = "<group>"; };
		8A1B2C3D4E5F001D /* Info.plist */ = {isa = PBXFileReference; lastKnownFileType = text.plist.xml; path = Info.plist; sourceTree = "<group>"; };
		8A1B2C3D4E5F001E /* PianoLedger.app */ = {isa = PBXFileReference; explicitFileType = wrapper.application; includeInIndex = 0; path = PianoLedger.app; sourceTree = BUILT_PRODUCTS_DIR; };
/* End PBXFileReference section */

/* Begin PBXFrameworksBuildPhase section */
		8A1B2C3D4E5F0020 /* Frameworks */ = {
			isa = PBXFrameworksBuildPhase;
			buildActionMask = 2147483647;
			files = (
			);
			runOnlyForDeploymentPostprocessing = 0;
		};
/* End PBXFrameworksBuildPhase section */

/* Begin PBXGroup section */
		8A1B2C3D4E5F0030 = {
			isa = PBXGroup;
			children = (
				8A1B2C3D4E5F0031 /* PianoLedger */,
				8A1B2C3D4E5F0035 /* Products */,
			);
			sourceTree = "<group>";
		};
		8A1B2C3D4E5F0031 /* PianoLedger */ = {
			isa = PBXGroup;
			children = (
				8A1B2C3D4E5F0011 /* PianoLedgerApp.swift */,
				8A1B2C3D4E5F0032 /* Views */,
				8A1B2C3D4E5F0033 /* Models */,
				8A1B2C3D4E5F0034 /* Services */,
				8A1B2C3D4E5F001D /* Info.plist */,
				8A1B2C3D4E5F001C /* GoogleService-Info.plist */,
			);
			path = PianoLedger;
			sourceTree = "<group>";
		};
		8A1B2C3D4E5F0032 /* Views */ = {
			isa = PBXGroup;
			children = (
				8A1B2C3D4E5F0012 /* LoginView.swift */,
				8A1B2C3D4E5F0013 /* PianoListView.swift */,
				8A1B2C3D4E5F0014 /* PianoDetailView.swift */,
				8A1B2C3D4E5F0015 /* AddPianoView.swift */,
				8A1B2C3D4E5F0016 /* CameraView.swift */,
			);
			path = Views;
			sourceTree = "<group>";
		};
		8A1B2C3D4E5F0033 /* Models */ = {
			isa = PBXGroup;
			children = (
				8A1B2C3D4E5F0017 /* PianoRecord.swift */,
			);
			path = Models;
			sourceTree = "<group>";
		};
		8A1B2C3D4E5F0034 /* Services */ = {
			isa = PBXGroup;
			children = (
				8A1B2C3D4E5F0018 /* PianoOCRService.swift */,
				8A1B2C3D4E5F0019 /* FirebaseManager.swift */,
				8A1B2C3D4E5F001A /* ExcelExportService.swift */,
				8A1B2C3D4E5F001B /* PhotoCompressionService.swift */,
			);
			path = Services;
			sourceTree = "<group>";
		};
		8A1B2C3D4E5F0035 /* Products */ = {
			isa = PBXGroup;
			children = (
				8A1B2C3D4E5F001E /* PianoLedger.app */,
			);
			name = Products;
			sourceTree = "<group>";
		};
/* End PBXGroup section */

/* Begin PBXNativeTarget section */
		8A1B2C3D4E5F0040 /* PianoLedger */ = {
			isa = PBXNativeTarget;
			buildConfigurationList = 8A1B2C3D4E5F0060 /* Build configuration list for PBXNativeTarget "PianoLedger" */;
			buildPhases = (
				8A1B2C3D4E5F0050 /* Sources */,
				8A1B2C3D4E5F0020 /* Frameworks */,
				8A1B2C3D4E5F0051 /* Resources */,
			);
			buildRules = (
			);
			dependencies = (
			);
			name = PianoLedger;
			productName = PianoLedger;
			productReference = 8A1B2C3D4E5F001E /* PianoLedger.app */;
			productType = "com.apple.product-type.application";
		};
/* End PBXNativeTarget section */

/* Begin PBXProject section */
		8A1B2C3D4E5F0070 /* Project object */ = {
			isa = PBXProject;
			attributes = {
				BuildIndependentTargetsInParallel = 1;
				LastSwiftUpdateCheck = 1500;
				LastUpgradeCheck = 1500;
				TargetAttributes = {
					8A1B2C3D4E5F0040 = {
						CreatedOnToolsVersion = 15.0;
					};
				};
			};
			buildConfigurationList = 8A1B2C3D4E5F0080 /* Build configuration list for PBXProject "PianoLedger" */;
			compatibilityVersion = "Xcode 14.0";
			developmentRegion = "zh-Hans";
			hasScannedForEncodings = 0;
			knownRegions = (
				"zh-Hans",
				Base,
			);
			mainGroup = 8A1B2C3D4E5F0030;
			productRefGroup = 8A1B2C3D4E5F0035 /* Products */;
			projectDirPath = "";
			projectRoot = "";
			targets = (
				8A1B2C3D4E5F0040 /* PianoLedger */,
			);
		};
/* End PBXProject section */

/* Begin PBXResourcesBuildPhase section */
		8A1B2C3D4E5F0051 /* Resources */ = {
			isa = PBXResourcesBuildPhase;
			buildActionMask = 2147483647;
			files = (
				8A1B2C3D4E5F000C /* GoogleService-Info.plist in Resources */,
			);
			runOnlyForDeploymentPostprocessing = 0;
		};
/* End PBXResourcesBuildPhase section */

/* Begin PBXSourcesBuildPhase section */
		8A1B2C3D4E5F0050 /* Sources */ = {
			isa = PBXSourcesBuildPhase;
			buildActionMask = 2147483647;
			files = (
				8A1B2C3D4E5F0001 /* PianoLedgerApp.swift in Sources */,
				8A1B2C3D4E5F0002 /* LoginView.swift in Sources */,
				8A1B2C3D4E5F0003 /* PianoListView.swift in Sources */,
				8A1B2C3D4E5F0004 /* PianoDetailView.swift in Sources */,
				8A1B2C3D4E5F0005 /* AddPianoView.swift in Sources */,
				8A1B2C3D4E5F0006 /* CameraView.swift in Sources */,
				8A1B2C3D4E5F0007 /* PianoRecord.swift in Sources */,
				8A1B2C3D4E5F0008 /* PianoOCRService.swift in Sources */,
				8A1B2C3D4E5F0009 /* FirebaseManager.swift in Sources */,
				8A1B2C3D4E5F000A /* ExcelExportService.swift in Sources */,
				8A1B2C3D4E5F000B /* PhotoCompressionService.swift in Sources */,
			);
			runOnlyForDeploymentPostprocessing = 0;
		};
/* End PBXSourcesBuildPhase section */

/* Begin XCBuildConfiguration section */
		8A1B2C3D4E5F0090 /* Debug */ = {
			isa = XCBuildConfiguration;
			buildSettings = {
				ALWAYS_SEARCH_USER_PATHS = NO;
				CLANG_ANALYZER_NONNULL = YES;
				CLANG_CXX_LANGUAGE_STANDARD = "gnu++20";
				CLANG_ENABLE_MODULES = YES;
				CLANG_ENABLE_OBJC_ARC = YES;
				COPY_PHASE_STRIP = NO;
				DEBUG_INFORMATION_FORMAT = dwarf;
				ENABLE_STRICT_OBJC_MSGSEND = YES;
				ENABLE_TESTABILITY = YES;
				GCC_C_LANGUAGE_STANDARD = gnu17;
				GCC_DYNAMIC_NO_PIC = NO;
				GCC_NO_COMMON_BLOCKS = YES;
				GCC_OPTIMIZATION_LEVEL = 0;
				GCC_PREPROCESSOR_DEFINITIONS = (
					"DEBUG=1",
					"$(inherited)",
				);
				IPHONEOS_DEPLOYMENT_TARGET = 17.0;
				MTL_ENABLE_DEBUG_INFO = INCLUDE_SOURCE;
				ONLY_ACTIVE_ARCH = YES;
				SDKROOT = iphoneos;
				SWIFT_ACTIVE_COMPILATION_CONDITIONS = DEBUG;
				SWIFT_OPTIMIZATION_LEVEL = "-Onone";
			};
			name = Debug;
		};
		8A1B2C3D4E5F0091 /* Release */ = {
			isa = XCBuildConfiguration;
			buildSettings = {
				ALWAYS_SEARCH_USER_PATHS = NO;
				CLANG_ANALYZER_NONNULL = YES;
				CLANG_CXX_LANGUAGE_STANDARD = "gnu++20";
				CLANG_ENABLE_MODULES = YES;
				CLANG_ENABLE_OBJC_ARC = YES;
				COPY_PHASE_STRIP = NO;
				DEBUG_INFORMATION_FORMAT = "dwarf-with-dsym";
				ENABLE_NS_ASSERTIONS = NO;
				ENABLE_STRICT_OBJC_MSGSEND = YES;
				GCC_C_LANGUAGE_STANDARD = gnu17;
				GCC_NO_COMMON_BLOCKS = YES;
				IPHONEOS_DEPLOYMENT_TARGET = 17.0;
				MTL_ENABLE_DEBUG_INFO = NO;
				SDKROOT = iphoneos;
				SWIFT_COMPILATION_MODE = wholemodule;
				VALIDATE_PRODUCT = YES;
			};
			name = Release;
		};
		8A1B2C3D4E5F0092 /* Debug */ = {
			isa = XCBuildConfiguration;
			buildSettings = {
				ASSETCATALOG_COMPILER_APPICON_NAME = AppIcon;
				CODE_SIGN_STYLE = Automatic;
				CURRENT_PROJECT_VERSION = 1;
				GENERATE_INFOPLIST_FILE = YES;
				INFOPLIST_FILE = PianoLedger/Info.plist;
				INFOPLIST_KEY_CFBundleDisplayName = 琴档;
				INFOPLIST_KEY_UIApplicationSceneManifest_Generation = YES;
				INFOPLIST_KEY_UILaunchScreen_Generation = YES;
				LD_RUNPATH_SEARCH_PATHS = (
					"$(inherited)",
					"@executable_path/Frameworks",
				);
				MARKETING_VERSION = 1.0;
				PRODUCT_BUNDLE_IDENTIFIER = com.flowpiano.pianoledger;
				PRODUCT_NAME = "$(TARGET_NAME)";
				SUPPORTED_PLATFORMS = "iphoneos iphonesimulator";
				SWIFT_EMIT_LOC_STRINGS = YES;
				SWIFT_VERSION = 5.0;
				TARGETED_DEVICE_FAMILY = "1,2";
			};
			name = Debug;
		};
		8A1B2C3D4E5F0093 /* Release */ = {
			isa = XCBuildConfiguration;
			buildSettings = {
				ASSETCATALOG_COMPILER_APPICON_NAME = AppIcon;
				CODE_SIGN_STYLE = Automatic;
				CURRENT_PROJECT_VERSION = 1;
				GENERATE_INFOPLIST_FILE = YES;
				INFOPLIST_FILE = PianoLedger/Info.plist;
				INFOPLIST_KEY_CFBundleDisplayName = 琴档;
				INFOPLIST_KEY_UIApplicationSceneManifest_Generation = YES;
				INFOPLIST_KEY_UILaunchScreen_Generation = YES;
				LD_RUNPATH_SEARCH_PATHS = (
					"$(inherited)",
					"@executable_path/Frameworks",
				);
				MARKETING_VERSION = 1.0;
				PRODUCT_BUNDLE_IDENTIFIER = com.flowpiano.pianoledger;
				PRODUCT_NAME = "$(TARGET_NAME)";
				SUPPORTED_PLATFORMS = "iphoneos iphonesimulator";
				SWIFT_EMIT_LOC_STRINGS = YES;
				SWIFT_VERSION = 5.0;
				TARGETED_DEVICE_FAMILY = "1,2";
			};
			name = Release;
		};
/* End XCBuildConfiguration section */

/* Begin XCConfigurationList section */
		8A1B2C3D4E5F0080 /* Build configuration list for PBXProject "PianoLedger" */ = {
			isa = XCConfigurationList;
			buildConfigurations = (
				8A1B2C3D4E5F0090 /* Debug */,
				8A1B2C3D4E5F0091 /* Release */,
			);
			defaultConfigurationIsVisible = 0;
			defaultConfigurationName = Release;
		};
		8A1B2C3D4E5F0060 /* Build configuration list for PBXNativeTarget "PianoLedger" */ = {
			isa = XCConfigurationList;
			buildConfigurations = (
				8A1B2C3D4E5F0092 /* Debug */,
				8A1B2C3D4E5F0093 /* Release */,
			);
			defaultConfigurationIsVisible = 0;
			defaultConfigurationName = Release;
		};
/* End XCConfigurationList section */
	};
	rootObject = 8A1B2C3D4E5F0070 /* Project object */;
}
